
Microsoft Visual Studio Solution File, Format Version 12.00
# Visual Studio Version 17
VisualStudioVersion = 17.4.33103.184
MinimumVisualStudioVersion = 10.0.40219.1
Project("{FAE04EC0-301F-11D3-BF4B-00C04F79EFBC}") = "Game of words", "Game of words\Game of words.csproj", "{8D7A76FB-656F-4151-BE42-43A16B8430DD}"
EndProject
Global
	GlobalSection(SolutionConfigurationPlatforms) = preSolution
		Debug|Any CPU = Debug|Any CPU
		Release|Any CPU = Release|Any CPU
	EndGlobalSection
	GlobalSection(ProjectConfigurationPlatforms) = postSolution
		{8D7A76FB-656F-4151-BE42-43A16B8430DD}.Debug|Any CPU.ActiveCfg = Debug|Any CPU
		{8D7A76FB-656F-4151-BE42-43A16B8430DD}.Debug|Any CPU.Build.0 = Debug|Any CPU
		{8D7A76FB-656F-4151-BE42-43A16B8430DD}.Release|Any CPU.ActiveCfg = Release|Any CPU
		{8D7A76FB-656F-4151-BE42-43A16B8430DD}.Release|Any CPU.Build.0 = Release|Any CPU
	EndGlobalSection
	GlobalSection(SolutionProperties) = preSolution
		HideSolutionNode = FALSE
	EndGlobalSection
	GlobalSection(ExtensibilityGlobals) = postSolution
		SolutionGuid = {0280EE45-EEB3-420D-A217-B3BEF72FCD03}
	EndGlobalSection
EndGlobal
