
Microsoft Visual Studio Solution File, Format Version 12.00
# Visual Studio Version 17
VisualStudioVersion = 17.3.32922.545
MinimumVisualStudioVersion = 10.0.40219.1
Project("{FAE04EC0-301F-11D3-BF4B-00C04F79EFBC}") = "Calculator_trip", "Calculator_trip\Calculator_trip.csproj", "{FD7ED240-C4CC-4ED6-9C66-6312A9B345DA}"
EndProject
Global
	GlobalSection(SolutionConfigurationPlatforms) = preSolution
		Debug|Any CPU = Debug|Any CPU
		Release|Any CPU = Release|Any CPU
	EndGlobalSection
	GlobalSection(ProjectConfigurationPlatforms) = postSolution
		{FD7ED240-C4CC-4ED6-9C66-6312A9B345DA}.Debug|Any CPU.ActiveCfg = Debug|Any CPU
		{FD7ED240-C4CC-4ED6-9C66-6312A9B345DA}.Debug|Any CPU.Build.0 = Debug|Any CPU
		{FD7ED240-C4CC-4ED6-9C66-6312A9B345DA}.Release|Any CPU.ActiveCfg = Release|Any CPU
		{FD7ED240-C4CC-4ED6-9C66-6312A9B345DA}.Release|Any CPU.Build.0 = Release|Any CPU
	EndGlobalSection
	GlobalSection(SolutionProperties) = preSolution
		HideSolutionNode = FALSE
	EndGlobalSection
	GlobalSection(ExtensibilityGlobals) = postSolution
		SolutionGuid = {A6BF57B5-3EFC-4828-B579-74F841262A88}
	EndGlobalSection
EndGlobal
