
Microsoft Visual Studio Solution File, Format Version 12.00
# Visual Studio Version 17
VisualStudioVersion = 17.4.33110.190
MinimumVisualStudioVersion = 10.0.40219.1
Project("{FAE04EC0-301F-11D3-BF4B-00C04F79EFBC}") = "The day on the road", "The day on the road\The day on the road.csproj", "{73E7C540-AE3D-41D3-A092-B48DEC635341}"
EndProject
Global
	GlobalSection(SolutionConfigurationPlatforms) = preSolution
		Debug|Any CPU = Debug|Any CPU
		Release|Any CPU = Release|Any CPU
	EndGlobalSection
	GlobalSection(ProjectConfigurationPlatforms) = postSolution
		{73E7C540-AE3D-41D3-A092-B48DEC635341}.Debug|Any CPU.ActiveCfg = Debug|Any CPU
		{73E7C540-AE3D-41D3-A092-B48DEC635341}.Debug|Any CPU.Build.0 = Debug|Any CPU
		{73E7C540-AE3D-41D3-A092-B48DEC635341}.Release|Any CPU.ActiveCfg = Release|Any CPU
		{73E7C540-AE3D-41D3-A092-B48DEC635341}.Release|Any CPU.Build.0 = Release|Any CPU
	EndGlobalSection
	GlobalSection(SolutionProperties) = preSolution
		HideSolutionNode = FALSE
	EndGlobalSection
	GlobalSection(ExtensibilityGlobals) = postSolution
		SolutionGuid = {F9FF35CF-5E69-4EA8-971D-0BD91B6F6D05}
	EndGlobalSection
EndGlobal
