
Microsoft Visual Studio Solution File, Format Version 12.00
# Visual Studio Version 16
VisualStudioVersion = 16.0.30907.101
MinimumVisualStudioVersion = 10.0.40219.1
Project("{FAE04EC0-301F-11D3-BF4B-00C04F79EFBC}") = "LamasLegs", "LamasLegs\LamasLegs.csproj", "{C164D7A8-2449-4AD7-BF3B-CAC322AA3E00}"
EndProject
Global
	GlobalSection(SolutionConfigurationPlatforms) = preSolution
		Debug|Any CPU = Debug|Any CPU
		Release|Any CPU = Release|Any CPU
	EndGlobalSection
	GlobalSection(ProjectConfigurationPlatforms) = postSolution
		{C164D7A8-2449-4AD7-BF3B-CAC322AA3E00}.Debug|Any CPU.ActiveCfg = Debug|Any CPU
		{C164D7A8-2449-4AD7-BF3B-CAC322AA3E00}.Debug|Any CPU.Build.0 = Debug|Any CPU
		{C164D7A8-2449-4AD7-BF3B-CAC322AA3E00}.Release|Any CPU.ActiveCfg = Release|Any CPU
		{C164D7A8-2449-4AD7-BF3B-CAC322AA3E00}.Release|Any CPU.Build.0 = Release|Any CPU
	EndGlobalSection
	GlobalSection(SolutionProperties) = preSolution
		HideSolutionNode = FALSE
	EndGlobalSection
	GlobalSection(ExtensibilityGlobals) = postSolution
		SolutionGuid = {3E309647-0E4E-4EA0-A448-1F5391B1AEC3}
	EndGlobalSection
EndGlobal
