
Microsoft Visual Studio Solution File, Format Version 12.00
# Visual Studio Version 17
VisualStudioVersion = 17.4.33110.190
MinimumVisualStudioVersion = 10.0.40219.1
Project("{FAE04EC0-301F-11D3-BF4B-00C04F79EFBC}") = "Farmer", "Farmer\Farmer.csproj", "{7EC2D96A-DF1C-4AFF-8760-0629817EC80A}"
EndProject
Global
	GlobalSection(SolutionConfigurationPlatforms) = preSolution
		Debug|Any CPU = Debug|Any CPU
		Release|Any CPU = Release|Any CPU
	EndGlobalSection
	GlobalSection(ProjectConfigurationPlatforms) = postSolution
		{7EC2D96A-DF1C-4AFF-8760-0629817EC80A}.Debug|Any CPU.ActiveCfg = Debug|Any CPU
		{7EC2D96A-DF1C-4AFF-8760-0629817EC80A}.Debug|Any CPU.Build.0 = Debug|Any CPU
		{7EC2D96A-DF1C-4AFF-8760-0629817EC80A}.Release|Any CPU.ActiveCfg = Release|Any CPU
		{7EC2D96A-DF1C-4AFF-8760-0629817EC80A}.Release|Any CPU.Build.0 = Release|Any CPU
	EndGlobalSection
	GlobalSection(SolutionProperties) = preSolution
		HideSolutionNode = FALSE
	EndGlobalSection
	GlobalSection(ExtensibilityGlobals) = postSolution
		SolutionGuid = {DD37ECFF-21FB-4171-86BA-1C85AAE099D2}
	EndGlobalSection
EndGlobal
