
Microsoft Visual Studio Solution File, Format Version 12.00
# Visual Studio Version 16
VisualStudioVersion = 16.0.30717.126
MinimumVisualStudioVersion = 10.0.40219.1
Project("{FAE04EC0-301F-11D3-BF4B-00C04F79EFBC}") = "Array_1", "CSharpCollection\Array_1.csproj", "{41DCA9A1-F8ED-41A0-AE6D-A36BEC6D3F23}"
EndProject
Project("{FAE04EC0-301F-11D3-BF4B-00C04F79EFBC}") = "Array2", "Array2\Array2.csproj", "{CD536582-F12D-41FC-9DD1-CA813141337D}"
EndProject
Project("{FAE04EC0-301F-11D3-BF4B-00C04F79EFBC}") = "Dictionary", "Dictionary\Dictionary.csproj", "{5CCA3033-1548-41E0-AD73-ABE643A7F07A}"
EndProject
Project("{FAE04EC0-301F-11D3-BF4B-00C04F79EFBC}") = "Queue", "Queue\Queue.csproj", "{C11FA869-5100-4DF2-8354-176EB6D18F7F}"
EndProject
Project("{FAE04EC0-301F-11D3-BF4B-00C04F79EFBC}") = "QueueStackTest", "QueueStackTest\QueueStackTest.csproj", "{28046B56-DC01-4C4F-9A69-09F0FF54F9A8}"
EndProject
Project("{FAE04EC0-301F-11D3-BF4B-00C04F79EFBC}") = "WorkWithList", "WorkWithList\WorkWithList.csproj", "{76D74DCC-3414-400E-BE79-ED8C3A90DB36}"
EndProject
Project("{FAE04EC0-301F-11D3-BF4B-00C04F79EFBC}") = "LINQ", "LINQ\LINQ.csproj", "{89C3D5B0-C760-43E0-A254-8EFF65062FE9}"
EndProject
Project("{FAE04EC0-301F-11D3-BF4B-00C04F79EFBC}") = "TicTacToe", "TikTakToe\TicTacToe.csproj", "{E55079A2-C992-417D-9438-6F39D3B5D741}"
EndProject
Global
	GlobalSection(SolutionConfigurationPlatforms) = preSolution
		Debug|Any CPU = Debug|Any CPU
		Release|Any CPU = Release|Any CPU
	EndGlobalSection
	GlobalSection(ProjectConfigurationPlatforms) = postSolution
		{41DCA9A1-F8ED-41A0-AE6D-A36BEC6D3F23}.Debug|Any CPU.ActiveCfg = Debug|Any CPU
		{41DCA9A1-F8ED-41A0-AE6D-A36BEC6D3F23}.Debug|Any CPU.Build.0 = Debug|Any CPU
		{41DCA9A1-F8ED-41A0-AE6D-A36BEC6D3F23}.Release|Any CPU.ActiveCfg = Release|Any CPU
		{41DCA9A1-F8ED-41A0-AE6D-A36BEC6D3F23}.Release|Any CPU.Build.0 = Release|Any CPU
		{CD536582-F12D-41FC-9DD1-CA813141337D}.Debug|Any CPU.ActiveCfg = Debug|Any CPU
		{CD536582-F12D-41FC-9DD1-CA813141337D}.Debug|Any CPU.Build.0 = Debug|Any CPU
		{CD536582-F12D-41FC-9DD1-CA813141337D}.Release|Any CPU.ActiveCfg = Release|Any CPU
		{CD536582-F12D-41FC-9DD1-CA813141337D}.Release|Any CPU.Build.0 = Release|Any CPU
		{5CCA3033-1548-41E0-AD73-ABE643A7F07A}.Debug|Any CPU.ActiveCfg = Debug|Any CPU
		{5CCA3033-1548-41E0-AD73-ABE643A7F07A}.Debug|Any CPU.Build.0 = Debug|Any CPU
		{5CCA3033-1548-41E0-AD73-ABE643A7F07A}.Release|Any CPU.ActiveCfg = Release|Any CPU
		{5CCA3033-1548-41E0-AD73-ABE643A7F07A}.Release|Any CPU.Build.0 = Release|Any CPU
		{C11FA869-5100-4DF2-8354-176EB6D18F7F}.Debug|Any CPU.ActiveCfg = Debug|Any CPU
		{C11FA869-5100-4DF2-8354-176EB6D18F7F}.Debug|Any CPU.Build.0 = Debug|Any CPU
		{C11FA869-5100-4DF2-8354-176EB6D18F7F}.Release|Any CPU.ActiveCfg = Release|Any CPU
		{C11FA869-5100-4DF2-8354-176EB6D18F7F}.Release|Any CPU.Build.0 = Release|Any CPU
		{28046B56-DC01-4C4F-9A69-09F0FF54F9A8}.Debug|Any CPU.ActiveCfg = Debug|Any CPU
		{28046B56-DC01-4C4F-9A69-09F0FF54F9A8}.Debug|Any CPU.Build.0 = Debug|Any CPU
		{28046B56-DC01-4C4F-9A69-09F0FF54F9A8}.Release|Any CPU.ActiveCfg = Release|Any CPU
		{28046B56-DC01-4C4F-9A69-09F0FF54F9A8}.Release|Any CPU.Build.0 = Release|Any CPU
		{76D74DCC-3414-400E-BE79-ED8C3A90DB36}.Debug|Any CPU.ActiveCfg = Debug|Any CPU
		{76D74DCC-3414-400E-BE79-ED8C3A90DB36}.Debug|Any CPU.Build.0 = Debug|Any CPU
		{76D74DCC-3414-400E-BE79-ED8C3A90DB36}.Release|Any CPU.ActiveCfg = Release|Any CPU
		{76D74DCC-3414-400E-BE79-ED8C3A90DB36}.Release|Any CPU.Build.0 = Release|Any CPU
		{89C3D5B0-C760-43E0-A254-8EFF65062FE9}.Debug|Any CPU.ActiveCfg = Debug|Any CPU
		{89C3D5B0-C760-43E0-A254-8EFF65062FE9}.Debug|Any CPU.Build.0 = Debug|Any CPU
		{89C3D5B0-C760-43E0-A254-8EFF65062FE9}.Release|Any CPU.ActiveCfg = Release|Any CPU
		{89C3D5B0-C760-43E0-A254-8EFF65062FE9}.Release|Any CPU.Build.0 = Release|Any CPU
		{E55079A2-C992-417D-9438-6F39D3B5D741}.Debug|Any CPU.ActiveCfg = Debug|Any CPU
		{E55079A2-C992-417D-9438-6F39D3B5D741}.Debug|Any CPU.Build.0 = Debug|Any CPU
		{E55079A2-C992-417D-9438-6F39D3B5D741}.Release|Any CPU.ActiveCfg = Release|Any CPU
		{E55079A2-C992-417D-9438-6F39D3B5D741}.Release|Any CPU.Build.0 = Release|Any CPU
	EndGlobalSection
	GlobalSection(SolutionProperties) = preSolution
		HideSolutionNode = FALSE
	EndGlobalSection
	GlobalSection(ExtensibilityGlobals) = postSolution
		SolutionGuid = {F10CA016-9C6F-4B34-8973-0B9D2E522B3B}
	EndGlobalSection
EndGlobal
